
Microsoft Visual Studio Solution File, Format Version 12.00
# Visual Studio Version 17
VisualStudioVersion = 17.13.35919.96 d17.13
MinimumVisualStudioVersion = 10.0.40219.1
Project("{FAE04EC0-301F-11D3-BF4B-00C04F79EFBC}") = "JSON-Parser-Tool", "JSON-Parser-Tool\JSON-Parser-Tool.csproj", "{07B62553-2D5D-4217-AB55-509E4A27F180}"
EndProject
Global
	GlobalSection(SolutionConfigurationPlatforms) = preSolution
		Debug|Any CPU = Debug|Any CPU
		Release|Any CPU = Release|Any CPU
	EndGlobalSection
	GlobalSection(ProjectConfigurationPlatforms) = postSolution
		{07B62553-2D5D-4217-AB55-509E4A27F180}.Debug|Any CPU.ActiveCfg = Debug|Any CPU
		{07B62553-2D5D-4217-AB55-509E4A27F180}.Debug|Any CPU.Build.0 = Debug|Any CPU
		{07B62553-2D5D-4217-AB55-509E4A27F180}.Release|Any CPU.ActiveCfg = Release|Any CPU
		{07B62553-2D5D-4217-AB55-509E4A27F180}.Release|Any CPU.Build.0 = Release|Any CPU
	EndGlobalSection
	GlobalSection(SolutionProperties) = preSolution
		HideSolutionNode = FALSE
	EndGlobalSection
	GlobalSection(ExtensibilityGlobals) = postSolution
		SolutionGuid = {2180288D-6B08-4AA1-AAD9-4CC11DAC9482}
	EndGlobalSection
EndGlobal
